
Microsoft Visual Studio Solution File, Format Version 12.00
# Visual Studio 14
VisualStudioVersion = 14.0.25123.0
MinimumVisualStudioVersion = 10.0.40219.1
Project("{2150E333-8FDC-42A3-9474-1A3956D46DE8}") = "src", "src", "{2E0E197E-6C99-4C97-8E18-04C8631B49AD}"
EndProject
Project("{2150E333-8FDC-42A3-9474-1A3956D46DE8}") = "Solution Items", "Solution Items", "{F1CAB95A-A63F-4F38-A4D4-D5B22D10D813}"
	ProjectSection(SolutionItems) = preProject
		global.json = global.json
	EndProjectSection
EndProject
Project("{8BB2217D-0F2D-49D1-97BC-3654ED321F3B}") = "SpecIt", "src\SpecIt\SpecIt.xproj", "{DD85646B-EA83-4D32-A2DB-ACA17AFA739C}"
EndProject
Project("{8BB2217D-0F2D-49D1-97BC-3654ED321F3B}") = "SpecIt.Tests", "src\SpecIt.Tests\SpecIt.Tests.xproj", "{FDCB873C-A98A-455E-8CF2-7938B2392F03}"
EndProject
Global
	GlobalSection(SolutionConfigurationPlatforms) = preSolution
		Debug|Any CPU = Debug|Any CPU
		Release|Any CPU = Release|Any CPU
	EndGlobalSection
	GlobalSection(ProjectConfigurationPlatforms) = postSolution
		{DD85646B-EA83-4D32-A2DB-ACA17AFA739C}.Debug|Any CPU.ActiveCfg = Debug|Any CPU
		{DD85646B-EA83-4D32-A2DB-ACA17AFA739C}.Debug|Any CPU.Build.0 = Debug|Any CPU
		{DD85646B-EA83-4D32-A2DB-ACA17AFA739C}.Release|Any CPU.ActiveCfg = Release|Any CPU
		{DD85646B-EA83-4D32-A2DB-ACA17AFA739C}.Release|Any CPU.Build.0 = Release|Any CPU
		{FDCB873C-A98A-455E-8CF2-7938B2392F03}.Debug|Any CPU.ActiveCfg = Debug|Any CPU
		{FDCB873C-A98A-455E-8CF2-7938B2392F03}.Debug|Any CPU.Build.0 = Debug|Any CPU
		{FDCB873C-A98A-455E-8CF2-7938B2392F03}.Release|Any CPU.ActiveCfg = Release|Any CPU
		{FDCB873C-A98A-455E-8CF2-7938B2392F03}.Release|Any CPU.Build.0 = Release|Any CPU
	EndGlobalSection
	GlobalSection(SolutionProperties) = preSolution
		HideSolutionNode = FALSE
	EndGlobalSection
	GlobalSection(NestedProjects) = preSolution
		{DD85646B-EA83-4D32-A2DB-ACA17AFA739C} = {2E0E197E-6C99-4C97-8E18-04C8631B49AD}
		{FDCB873C-A98A-455E-8CF2-7938B2392F03} = {2E0E197E-6C99-4C97-8E18-04C8631B49AD}
	EndGlobalSection
EndGlobal
