
Microsoft Visual Studio Solution File, Format Version 12.00
# Visual Studio 14
VisualStudioVersion = 14.0.25420.1
MinimumVisualStudioVersion = 10.0.40219.1
Project("{2150E333-8FDC-42A3-9474-1A3956D46DE8}") = "src", "src", "{2E0E197E-6C99-4C97-8E18-04C8631B49AD}"
EndProject
Project("{2150E333-8FDC-42A3-9474-1A3956D46DE8}") = "Solution Items", "Solution Items", "{F1CAB95A-A63F-4F38-A4D4-D5B22D10D813}"
	ProjectSection(SolutionItems) = preProject
		global.json = global.json
	EndProjectSection
EndProject
Project("{8BB2217D-0F2D-49D1-97BC-3654ED321F3B}") = "SpecIt", "src\SpecIt\SpecIt.xproj", "{DD85646B-EA83-4D32-A2DB-ACA17AFA739C}"
EndProject
Project("{8BB2217D-0F2D-49D1-97BC-3654ED321F3B}") = "SpecIt.Tests", "src\SpecIt.Tests\SpecIt.Tests.xproj", "{FDCB873C-A98A-455E-8CF2-7938B2392F03}"
EndProject
Project("{2150E333-8FDC-42A3-9474-1A3956D46DE8}") = "samples", "samples", "{91254D22-346A-4274-B864-9197141DF6DB}"
EndProject
Project("{8BB2217D-0F2D-49D1-97BC-3654ED321F3B}") = "CoffeeMachine", "samples\CoffeeMachine\CoffeeMachine.xproj", "{855AC451-0708-4EBE-BF94-4171D235CEDD}"
EndProject
Project("{8BB2217D-0F2D-49D1-97BC-3654ED321F3B}") = "SpecIt.Assert", "src\SpecIt.Assert\SpecIt.Assert.xproj", "{87CA1D92-5060-482A-BB8E-CB2A2A75C777}"
EndProject
Project("{8BB2217D-0F2D-49D1-97BC-3654ED321F3B}") = "Pancakes", "samples\Pancakes\Pancakes.xproj", "{B5EF2878-AA6B-40BC-A0F6-56695D809B18}"
EndProject
Project("{8BB2217D-0F2D-49D1-97BC-3654ED321F3B}") = "SpecIt.Pattern", "src\SpecIt.Pattern\SpecIt.Pattern.xproj", "{A9F159DA-AAED-4BF0-B559-C2DA184ADFE8}"
EndProject
Global
	GlobalSection(SolutionConfigurationPlatforms) = preSolution
		Debug|Any CPU = Debug|Any CPU
		Release|Any CPU = Release|Any CPU
	EndGlobalSection
	GlobalSection(ProjectConfigurationPlatforms) = postSolution
		{DD85646B-EA83-4D32-A2DB-ACA17AFA739C}.Debug|Any CPU.ActiveCfg = Debug|Any CPU
		{DD85646B-EA83-4D32-A2DB-ACA17AFA739C}.Debug|Any CPU.Build.0 = Debug|Any CPU
		{DD85646B-EA83-4D32-A2DB-ACA17AFA739C}.Release|Any CPU.ActiveCfg = Release|Any CPU
		{DD85646B-EA83-4D32-A2DB-ACA17AFA739C}.Release|Any CPU.Build.0 = Release|Any CPU
		{FDCB873C-A98A-455E-8CF2-7938B2392F03}.Debug|Any CPU.ActiveCfg = Debug|Any CPU
		{FDCB873C-A98A-455E-8CF2-7938B2392F03}.Debug|Any CPU.Build.0 = Debug|Any CPU
		{FDCB873C-A98A-455E-8CF2-7938B2392F03}.Release|Any CPU.ActiveCfg = Release|Any CPU
		{FDCB873C-A98A-455E-8CF2-7938B2392F03}.Release|Any CPU.Build.0 = Release|Any CPU
		{855AC451-0708-4EBE-BF94-4171D235CEDD}.Debug|Any CPU.ActiveCfg = Debug|Any CPU
		{855AC451-0708-4EBE-BF94-4171D235CEDD}.Debug|Any CPU.Build.0 = Debug|Any CPU
		{855AC451-0708-4EBE-BF94-4171D235CEDD}.Release|Any CPU.ActiveCfg = Release|Any CPU
		{855AC451-0708-4EBE-BF94-4171D235CEDD}.Release|Any CPU.Build.0 = Release|Any CPU
		{87CA1D92-5060-482A-BB8E-CB2A2A75C777}.Debug|Any CPU.ActiveCfg = Debug|Any CPU
		{87CA1D92-5060-482A-BB8E-CB2A2A75C777}.Debug|Any CPU.Build.0 = Debug|Any CPU
		{87CA1D92-5060-482A-BB8E-CB2A2A75C777}.Release|Any CPU.ActiveCfg = Release|Any CPU
		{87CA1D92-5060-482A-BB8E-CB2A2A75C777}.Release|Any CPU.Build.0 = Release|Any CPU
		{B5EF2878-AA6B-40BC-A0F6-56695D809B18}.Debug|Any CPU.ActiveCfg = Debug|Any CPU
		{B5EF2878-AA6B-40BC-A0F6-56695D809B18}.Debug|Any CPU.Build.0 = Debug|Any CPU
		{B5EF2878-AA6B-40BC-A0F6-56695D809B18}.Release|Any CPU.ActiveCfg = Release|Any CPU
		{B5EF2878-AA6B-40BC-A0F6-56695D809B18}.Release|Any CPU.Build.0 = Release|Any CPU
		{A9F159DA-AAED-4BF0-B559-C2DA184ADFE8}.Debug|Any CPU.ActiveCfg = Debug|Any CPU
		{A9F159DA-AAED-4BF0-B559-C2DA184ADFE8}.Debug|Any CPU.Build.0 = Debug|Any CPU
		{A9F159DA-AAED-4BF0-B559-C2DA184ADFE8}.Release|Any CPU.ActiveCfg = Release|Any CPU
		{A9F159DA-AAED-4BF0-B559-C2DA184ADFE8}.Release|Any CPU.Build.0 = Release|Any CPU
	EndGlobalSection
	GlobalSection(SolutionProperties) = preSolution
		HideSolutionNode = FALSE
	EndGlobalSection
	GlobalSection(NestedProjects) = preSolution
		{DD85646B-EA83-4D32-A2DB-ACA17AFA739C} = {2E0E197E-6C99-4C97-8E18-04C8631B49AD}
		{FDCB873C-A98A-455E-8CF2-7938B2392F03} = {2E0E197E-6C99-4C97-8E18-04C8631B49AD}
		{855AC451-0708-4EBE-BF94-4171D235CEDD} = {91254D22-346A-4274-B864-9197141DF6DB}
		{87CA1D92-5060-482A-BB8E-CB2A2A75C777} = {2E0E197E-6C99-4C97-8E18-04C8631B49AD}
		{B5EF2878-AA6B-40BC-A0F6-56695D809B18} = {91254D22-346A-4274-B864-9197141DF6DB}
		{A9F159DA-AAED-4BF0-B559-C2DA184ADFE8} = {2E0E197E-6C99-4C97-8E18-04C8631B49AD}
	EndGlobalSection
EndGlobal
